
Microsoft Visual Studio Solution File, Format Version 12.00
# Visual Studio Version 16
VisualStudioVersion = 16.0.30225.117
MinimumVisualStudioVersion = 10.0.40219.1
Project("{FAE04EC0-301F-11D3-BF4B-00C04F79EFBC}") = "InjectModules", "InjectModules\InjectModules.csproj", "{1A2C338B-0648-4472-8958-BC9153442E66}"
EndProject
Project("{FAE04EC0-301F-11D3-BF4B-00C04F79EFBC}") = "SampleLib", "SampleLib\SampleLib.csproj", "{74D2C86E-E93E-4F0D-9063-3C6344701A56}"
EndProject
Project("{FAE04EC0-301F-11D3-BF4B-00C04F79EFBC}") = "InjectModules.Tests", "InjectModules.Tests\InjectModules.Tests.csproj", "{4B911136-3505-4C2D-821A-AE4B3E1E4A80}"
EndProject
Global
	GlobalSection(SolutionConfigurationPlatforms) = preSolution
		Debug|Any CPU = Debug|Any CPU
		Release|Any CPU = Release|Any CPU
	EndGlobalSection
	GlobalSection(ProjectConfigurationPlatforms) = postSolution
		{1A2C338B-0648-4472-8958-BC9153442E66}.Debug|Any CPU.ActiveCfg = Debug|Any CPU
		{1A2C338B-0648-4472-8958-BC9153442E66}.Debug|Any CPU.Build.0 = Debug|Any CPU
		{1A2C338B-0648-4472-8958-BC9153442E66}.Release|Any CPU.ActiveCfg = Release|Any CPU
		{1A2C338B-0648-4472-8958-BC9153442E66}.Release|Any CPU.Build.0 = Release|Any CPU
		{74D2C86E-E93E-4F0D-9063-3C6344701A56}.Debug|Any CPU.ActiveCfg = Debug|Any CPU
		{74D2C86E-E93E-4F0D-9063-3C6344701A56}.Debug|Any CPU.Build.0 = Debug|Any CPU
		{74D2C86E-E93E-4F0D-9063-3C6344701A56}.Release|Any CPU.ActiveCfg = Release|Any CPU
		{74D2C86E-E93E-4F0D-9063-3C6344701A56}.Release|Any CPU.Build.0 = Release|Any CPU
		{4B911136-3505-4C2D-821A-AE4B3E1E4A80}.Debug|Any CPU.ActiveCfg = Debug|Any CPU
		{4B911136-3505-4C2D-821A-AE4B3E1E4A80}.Debug|Any CPU.Build.0 = Debug|Any CPU
		{4B911136-3505-4C2D-821A-AE4B3E1E4A80}.Release|Any CPU.ActiveCfg = Release|Any CPU
		{4B911136-3505-4C2D-821A-AE4B3E1E4A80}.Release|Any CPU.Build.0 = Release|Any CPU
	EndGlobalSection
	GlobalSection(SolutionProperties) = preSolution
		HideSolutionNode = FALSE
	EndGlobalSection
	GlobalSection(ExtensibilityGlobals) = postSolution
		SolutionGuid = {9475899D-E916-4D82-968D-244C656C22A8}
	EndGlobalSection
EndGlobal
